
Microsoft Visual Studio Solution File, Format Version 12.00
# Visual Studio Version 16
VisualStudioVersion = 16.0.29519.87
MinimumVisualStudioVersion = 10.0.40219.1
Project("{8BC9CEB8-8B4A-11D0-8D11-00A0C91BC942}") = "Tarea3_Allan_Pirir1055919", "Tarea3_Allan_Pirir1055919\Tarea3_Allan_Pirir1055919.vcxproj", "{50A9B068-CEE6-4EC8-B644-CE49BD5596FD}"
EndProject
Global
	GlobalSection(SolutionConfigurationPlatforms) = preSolution
		Debug|x64 = Debug|x64
		Debug|x86 = Debug|x86
		Release|x64 = Release|x64
		Release|x86 = Release|x86
	EndGlobalSection
	GlobalSection(ProjectConfigurationPlatforms) = postSolution
		{50A9B068-CEE6-4EC8-B644-CE49BD5596FD}.Debug|x64.ActiveCfg = Debug|x64
		{50A9B068-CEE6-4EC8-B644-CE49BD5596FD}.Debug|x64.Build.0 = Debug|x64
		{50A9B068-CEE6-4EC8-B644-CE49BD5596FD}.Debug|x86.ActiveCfg = Debug|Win32
		{50A9B068-CEE6-4EC8-B644-CE49BD5596FD}.Debug|x86.Build.0 = Debug|Win32
		{50A9B068-CEE6-4EC8-B644-CE49BD5596FD}.Release|x64.ActiveCfg = Release|x64
		{50A9B068-CEE6-4EC8-B644-CE49BD5596FD}.Release|x64.Build.0 = Release|x64
		{50A9B068-CEE6-4EC8-B644-CE49BD5596FD}.Release|x86.ActiveCfg = Release|Win32
		{50A9B068-CEE6-4EC8-B644-CE49BD5596FD}.Release|x86.Build.0 = Release|Win32
	EndGlobalSection
	GlobalSection(SolutionProperties) = preSolution
		HideSolutionNode = FALSE
	EndGlobalSection
	GlobalSection(ExtensibilityGlobals) = postSolution
		SolutionGuid = {EC2FE487-71B1-4A0C-899E-79A9EC9AD47B}
	EndGlobalSection
EndGlobal
